
Microsoft Visual Studio Solution File, Format Version 12.00
# Visual Studio Version 17
VisualStudioVersion = 17.8.34330.188
MinimumVisualStudioVersion = 10.0.40219.1
Project("{2150E333-8FDC-42A3-9474-1A3956D46DE8}") = "Domain", "Domain", "{6284BB65-DCCE-4EDD-88B4-062F31AE719C}"
EndProject
Project("{2150E333-8FDC-42A3-9474-1A3956D46DE8}") = "Service", "Service", "{598CA60D-B9DE-424F-B105-368C9C38221B}"
EndProject
Project("{2150E333-8FDC-42A3-9474-1A3956D46DE8}") = "Aplication", "Aplication", "{5913854D-6876-4EB1-B118-A84014BB7319}"
EndProject
Project("{2150E333-8FDC-42A3-9474-1A3956D46DE8}") = "Infra", "Infra", "{A1D67521-2FBC-42A0-AAAD-E4C2729108F0}"
EndProject
Project("{FAE04EC0-301F-11D3-BF4B-00C04F79EFBC}") = "Domain", "Domain\Domain.csproj", "{FB1A770F-41FD-4B3C-8500-77A0BDC079A2}"
EndProject
Project("{FAE04EC0-301F-11D3-BF4B-00C04F79EFBC}") = "Service", "Service\Service.csproj", "{3F43DF61-226B-4187-9EBD-4F20A7ADF1C5}"
EndProject
Project("{2150E333-8FDC-42A3-9474-1A3956D46DE8}") = "InfraData", "InfraData", "{F2056363-F399-4527-9E7A-64C41A21643A}"
EndProject
Project("{2150E333-8FDC-42A3-9474-1A3956D46DE8}") = "CrossCutting", "CrossCutting", "{53A17FB1-02DE-4C93-9EB1-D5ADFAFE6013}"
EndProject
Project("{FAE04EC0-301F-11D3-BF4B-00C04F79EFBC}") = "CrossCutting", "CrossCutting\CrossCutting.csproj", "{6E6451CB-8534-42BD-9D52-C75C133B09F9}"
EndProject
Project("{FAE04EC0-301F-11D3-BF4B-00C04F79EFBC}") = "InfraData", "InfraData\InfraData.csproj", "{96B46636-780C-4C04-9D67-402C81227A79}"
EndProject
Project("{FAE04EC0-301F-11D3-BF4B-00C04F79EFBC}") = "AquaContadorAPI", "AquaContadorAPI\AquaContadorAPI.csproj", "{FB3EEA5E-AFEA-40A3-B537-7228F7A067F8}"
EndProject
Global
	GlobalSection(SolutionConfigurationPlatforms) = preSolution
		Debug|Any CPU = Debug|Any CPU
		Release|Any CPU = Release|Any CPU
	EndGlobalSection
	GlobalSection(ProjectConfigurationPlatforms) = postSolution
		{FB1A770F-41FD-4B3C-8500-77A0BDC079A2}.Debug|Any CPU.ActiveCfg = Debug|Any CPU
		{FB1A770F-41FD-4B3C-8500-77A0BDC079A2}.Debug|Any CPU.Build.0 = Debug|Any CPU
		{FB1A770F-41FD-4B3C-8500-77A0BDC079A2}.Release|Any CPU.ActiveCfg = Release|Any CPU
		{FB1A770F-41FD-4B3C-8500-77A0BDC079A2}.Release|Any CPU.Build.0 = Release|Any CPU
		{3F43DF61-226B-4187-9EBD-4F20A7ADF1C5}.Debug|Any CPU.ActiveCfg = Debug|Any CPU
		{3F43DF61-226B-4187-9EBD-4F20A7ADF1C5}.Debug|Any CPU.Build.0 = Debug|Any CPU
		{3F43DF61-226B-4187-9EBD-4F20A7ADF1C5}.Release|Any CPU.ActiveCfg = Release|Any CPU
		{3F43DF61-226B-4187-9EBD-4F20A7ADF1C5}.Release|Any CPU.Build.0 = Release|Any CPU
		{6E6451CB-8534-42BD-9D52-C75C133B09F9}.Debug|Any CPU.ActiveCfg = Debug|Any CPU
		{6E6451CB-8534-42BD-9D52-C75C133B09F9}.Debug|Any CPU.Build.0 = Debug|Any CPU
		{6E6451CB-8534-42BD-9D52-C75C133B09F9}.Release|Any CPU.ActiveCfg = Release|Any CPU
		{6E6451CB-8534-42BD-9D52-C75C133B09F9}.Release|Any CPU.Build.0 = Release|Any CPU
		{96B46636-780C-4C04-9D67-402C81227A79}.Debug|Any CPU.ActiveCfg = Debug|Any CPU
		{96B46636-780C-4C04-9D67-402C81227A79}.Debug|Any CPU.Build.0 = Debug|Any CPU
		{96B46636-780C-4C04-9D67-402C81227A79}.Release|Any CPU.ActiveCfg = Release|Any CPU
		{96B46636-780C-4C04-9D67-402C81227A79}.Release|Any CPU.Build.0 = Release|Any CPU
		{FB3EEA5E-AFEA-40A3-B537-7228F7A067F8}.Debug|Any CPU.ActiveCfg = Debug|Any CPU
		{FB3EEA5E-AFEA-40A3-B537-7228F7A067F8}.Debug|Any CPU.Build.0 = Debug|Any CPU
		{FB3EEA5E-AFEA-40A3-B537-7228F7A067F8}.Release|Any CPU.ActiveCfg = Release|Any CPU
		{FB3EEA5E-AFEA-40A3-B537-7228F7A067F8}.Release|Any CPU.Build.0 = Release|Any CPU
	EndGlobalSection
	GlobalSection(SolutionProperties) = preSolution
		HideSolutionNode = FALSE
	EndGlobalSection
	GlobalSection(NestedProjects) = preSolution
		{FB1A770F-41FD-4B3C-8500-77A0BDC079A2} = {6284BB65-DCCE-4EDD-88B4-062F31AE719C}
		{3F43DF61-226B-4187-9EBD-4F20A7ADF1C5} = {598CA60D-B9DE-424F-B105-368C9C38221B}
		{F2056363-F399-4527-9E7A-64C41A21643A} = {A1D67521-2FBC-42A0-AAAD-E4C2729108F0}
		{53A17FB1-02DE-4C93-9EB1-D5ADFAFE6013} = {A1D67521-2FBC-42A0-AAAD-E4C2729108F0}
		{6E6451CB-8534-42BD-9D52-C75C133B09F9} = {53A17FB1-02DE-4C93-9EB1-D5ADFAFE6013}
		{96B46636-780C-4C04-9D67-402C81227A79} = {F2056363-F399-4527-9E7A-64C41A21643A}
		{FB3EEA5E-AFEA-40A3-B537-7228F7A067F8} = {5913854D-6876-4EB1-B118-A84014BB7319}
	EndGlobalSection
	GlobalSection(ExtensibilityGlobals) = postSolution
		SolutionGuid = {8E514F55-3712-4660-894A-685F0B2837C9}
	EndGlobalSection
EndGlobal
